
Microsoft Visual Studio Solution File, Format Version 12.00
# Visual Studio Version 17
VisualStudioVersion = 17.5.002.0
MinimumVisualStudioVersion = 10.0.40219.1
Project("{9A19103F-16F7-4668-BE54-9A1E7A4F7556}") = "BestBank.AccountService", "BestBank.AccountService.csproj", "{F6DF298A-38D9-4B49-B9F2-0F855CCEEED2}"
EndProject
Global
	GlobalSection(SolutionConfigurationPlatforms) = preSolution
		Debug|Any CPU = Debug|Any CPU
		Release|Any CPU = Release|Any CPU
	EndGlobalSection
	GlobalSection(ProjectConfigurationPlatforms) = postSolution
		{F6DF298A-38D9-4B49-B9F2-0F855CCEEED2}.Debug|Any CPU.ActiveCfg = Debug|Any CPU
		{F6DF298A-38D9-4B49-B9F2-0F855CCEEED2}.Debug|Any CPU.Build.0 = Debug|Any CPU
		{F6DF298A-38D9-4B49-B9F2-0F855CCEEED2}.Release|Any CPU.ActiveCfg = Release|Any CPU
		{F6DF298A-38D9-4B49-B9F2-0F855CCEEED2}.Release|Any CPU.Build.0 = Release|Any CPU
	EndGlobalSection
	GlobalSection(SolutionProperties) = preSolution
		HideSolutionNode = FALSE
	EndGlobalSection
	GlobalSection(ExtensibilityGlobals) = postSolution
		SolutionGuid = {6FB19902-48EA-4142-82EA-AF9C4C4B8853}
	EndGlobalSection
EndGlobal
