
Microsoft Visual Studio Solution File, Format Version 12.00
# Visual Studio Version 17
VisualStudioVersion = 17.5.002.0
MinimumVisualStudioVersion = 10.0.40219.1
Project("{9A19103F-16F7-4668-BE54-9A1E7A4F7556}") = "BestBank.NotificationService", "BestBank.NotificationService.csproj", "{28F3853E-328A-423E-9245-EF7C9DC21940}"
EndProject
Global
	GlobalSection(SolutionConfigurationPlatforms) = preSolution
		Debug|Any CPU = Debug|Any CPU
		Release|Any CPU = Release|Any CPU
	EndGlobalSection
	GlobalSection(ProjectConfigurationPlatforms) = postSolution
		{28F3853E-328A-423E-9245-EF7C9DC21940}.Debug|Any CPU.ActiveCfg = Debug|Any CPU
		{28F3853E-328A-423E-9245-EF7C9DC21940}.Debug|Any CPU.Build.0 = Debug|Any CPU
		{28F3853E-328A-423E-9245-EF7C9DC21940}.Release|Any CPU.ActiveCfg = Release|Any CPU
		{28F3853E-328A-423E-9245-EF7C9DC21940}.Release|Any CPU.Build.0 = Release|Any CPU
	EndGlobalSection
	GlobalSection(SolutionProperties) = preSolution
		HideSolutionNode = FALSE
	EndGlobalSection
	GlobalSection(ExtensibilityGlobals) = postSolution
		SolutionGuid = {0FB7675D-8368-4D04-BE15-6BB504F3F98B}
	EndGlobalSection
EndGlobal
